
Microsoft Visual Studio Solution File, Format Version 12.00
# Visual Studio Version 17
VisualStudioVersion = 17.9.34728.123
MinimumVisualStudioVersion = 10.0.40219.1
Project("{6EC3EE1D-3C4E-46DD-8F32-0CC8E7565705}") = "CMS", "CMS.fsproj", "{0718F656-778D-4DBE-8D87-C4E8236E93BA}"
EndProject
Global
	GlobalSection(SolutionConfigurationPlatforms) = preSolution
		Debug|Any CPU = Debug|Any CPU
		Release|Any CPU = Release|Any CPU
	EndGlobalSection
	GlobalSection(ProjectConfigurationPlatforms) = postSolution
		{0718F656-778D-4DBE-8D87-C4E8236E93BA}.Debug|Any CPU.ActiveCfg = Debug|Any CPU
		{0718F656-778D-4DBE-8D87-C4E8236E93BA}.Debug|Any CPU.Build.0 = Debug|Any CPU
		{0718F656-778D-4DBE-8D87-C4E8236E93BA}.Release|Any CPU.ActiveCfg = Release|Any CPU
		{0718F656-778D-4DBE-8D87-C4E8236E93BA}.Release|Any CPU.Build.0 = Release|Any CPU
	EndGlobalSection
	GlobalSection(SolutionProperties) = preSolution
		HideSolutionNode = FALSE
	EndGlobalSection
	GlobalSection(ExtensibilityGlobals) = postSolution
		SolutionGuid = {3B7AD1BA-3BA7-451E-B9D6-F06EE1DBE7BB}
	EndGlobalSection
EndGlobal
